
Microsoft Visual Studio Solution File, Format Version 12.00
# Visual Studio 15
VisualStudioVersion = 15.0.26403.0
MinimumVisualStudioVersion = 10.0.40219.1
Project("{FAE04EC0-301F-11D3-BF4B-00C04F79EFBC}") = "ShootListElements", "ShootListElements\ShootListElements.csproj", "{90986986-B447-4EAD-942A-E93D5427A7CD}"
EndProject
Project("{FAE04EC0-301F-11D3-BF4B-00C04F79EFBC}") = "AverageCharacterDelimiter", "AverageCharacterDelimiter\AverageCharacterDelimiter.csproj", "{5953D9BD-F574-4955-9759-37744C16F652}"
EndProject
Project("{FAE04EC0-301F-11D3-BF4B-00C04F79EFBC}") = "SortArrayOfStrings", "SortArrayOfStrings\SortArrayOfStrings.csproj", "{B9A7E52A-C4FD-4598-9F69-B610E9263037}"
EndProject
Project("{FAE04EC0-301F-11D3-BF4B-00C04F79EFBC}") = "ArrayGistogram", "ArrayGistogram\ArrayGistogram.csproj", "{0E18163A-20DB-4EAC-9662-E364D33C3357}"
EndProject
Global
	GlobalSection(SolutionConfigurationPlatforms) = preSolution
		Debug|Any CPU = Debug|Any CPU
		Release|Any CPU = Release|Any CPU
	EndGlobalSection
	GlobalSection(ProjectConfigurationPlatforms) = postSolution
		{90986986-B447-4EAD-942A-E93D5427A7CD}.Debug|Any CPU.ActiveCfg = Debug|Any CPU
		{90986986-B447-4EAD-942A-E93D5427A7CD}.Debug|Any CPU.Build.0 = Debug|Any CPU
		{90986986-B447-4EAD-942A-E93D5427A7CD}.Release|Any CPU.ActiveCfg = Release|Any CPU
		{90986986-B447-4EAD-942A-E93D5427A7CD}.Release|Any CPU.Build.0 = Release|Any CPU
		{5953D9BD-F574-4955-9759-37744C16F652}.Debug|Any CPU.ActiveCfg = Debug|Any CPU
		{5953D9BD-F574-4955-9759-37744C16F652}.Debug|Any CPU.Build.0 = Debug|Any CPU
		{5953D9BD-F574-4955-9759-37744C16F652}.Release|Any CPU.ActiveCfg = Release|Any CPU
		{5953D9BD-F574-4955-9759-37744C16F652}.Release|Any CPU.Build.0 = Release|Any CPU
		{B9A7E52A-C4FD-4598-9F69-B610E9263037}.Debug|Any CPU.ActiveCfg = Debug|Any CPU
		{B9A7E52A-C4FD-4598-9F69-B610E9263037}.Debug|Any CPU.Build.0 = Debug|Any CPU
		{B9A7E52A-C4FD-4598-9F69-B610E9263037}.Release|Any CPU.ActiveCfg = Release|Any CPU
		{B9A7E52A-C4FD-4598-9F69-B610E9263037}.Release|Any CPU.Build.0 = Release|Any CPU
		{0E18163A-20DB-4EAC-9662-E364D33C3357}.Debug|Any CPU.ActiveCfg = Debug|Any CPU
		{0E18163A-20DB-4EAC-9662-E364D33C3357}.Debug|Any CPU.Build.0 = Debug|Any CPU
		{0E18163A-20DB-4EAC-9662-E364D33C3357}.Release|Any CPU.ActiveCfg = Release|Any CPU
		{0E18163A-20DB-4EAC-9662-E364D33C3357}.Release|Any CPU.Build.0 = Release|Any CPU
	EndGlobalSection
	GlobalSection(SolutionProperties) = preSolution
		HideSolutionNode = FALSE
	EndGlobalSection
EndGlobal
